<?xml version="1.0" encoding="UTF-8" standalone="yes" ?>
<CodeBlocks_project_file>
	<FileVersion major="1" minor="6" />
	<Project>
		<Option title="Proyecto" />
		<Option pch_mode="2" />
		<Option compiler="gcc" />
		<Build>
			<Target title="Debug">
				<Option output="bin/Debug/Proyecto" prefix_auto="1" extension_auto="1" />
				<Option object_output="obj/Debug/" />
				<Option type="1" />
				<Option compiler="gcc" />
				<Compiler>
					<Add option="-g" />
				</Compiler>
			</Target>
			<Target title="Release">
				<Option output="bin/Release/Proyecto" prefix_auto="1" extension_auto="1" />
				<Option object_output="obj/Release/" />
				<Option type="1" />
				<Option compiler="gcc" />
				<Compiler>
					<Add option="-O2" />
				</Compiler>
				<Linker>
					<Add option="-s" />
				</Linker>
			</Target>
		</Build>
		<Compiler>
			<Add option="-Wall" />
		</Compiler>
		<Unit filename="Colision.c">
			<Option compilerVar="CC" />
		</Unit>
		<Unit filename="Main.c">
			<Option compilerVar="CC" />
		</Unit>
		<Unit filename="Pantalla.c">
			<Option compilerVar="CC" />
		</Unit>
		<Unit filename="Pantalla.h" />
		<Unit filename="colision.h" />
		<Unit filename="ejercito.c">
			<Option compilerVar="CC" />
		</Unit>
		<Unit filename="ejercito.h" />
		<Unit filename="enemigo.c">
			<Option compilerVar="CC" />
		</Unit>
		<Unit filename="enemigo.h" />
		<Unit filename="estrella.c">
			<Option compilerVar="CC" />
		</Unit>
		<Unit filename="estrella.h" />
		<Unit filename="fondo carretera.bmp" />
		<Unit filename="fondo2.bmp" />
		<Unit filename="galaxia.c">
			<Option compilerVar="CC" />
		</Unit>
		<Unit filename="galaxia.h" />
		<Unit filename="personaje.c">
			<Option compilerVar="CC" />
		</Unit>
		<Unit filename="personaje.h" />
		<Unit filename="resultados.txt" />
		<Extensions>
			<code_completion />
			<envvars />
			<debugger />
			<lib_finder disable_auto="1" />
		</Extensions>
	</Project>
</CodeBlocks_project_file>
